
Microsoft Visual Studio Solution File, Format Version 12.00
# Visual Studio 15
VisualStudioVersion = 15.0.28307.329
MinimumVisualStudioVersion = 10.0.40219.1
Project("{9A19103F-16F7-4668-BE54-9A1E7A4F7556}") = "apiOnlineBookStoreProject", "apiOnlineBookStoreProject\apiOnlineBookStoreProject.csproj", "{5A702AE0-E035-4945-9C2C-B1BB9EE7AC3E}"
EndProject
Project("{9A19103F-16F7-4668-BE54-9A1E7A4F7556}") = "OnlineBookStore", "OnlineBookStore\OnlineBookStore\OnlineBookStore.csproj", "{2236066F-DA95-4AE0-A9A9-905F01847CB0}"
EndProject
Global
	GlobalSection(SolutionConfigurationPlatforms) = preSolution
		Debug|Any CPU = Debug|Any CPU
		Release|Any CPU = Release|Any CPU
	EndGlobalSection
	GlobalSection(ProjectConfigurationPlatforms) = postSolution
		{5A702AE0-E035-4945-9C2C-B1BB9EE7AC3E}.Debug|Any CPU.ActiveCfg = Debug|Any CPU
		{5A702AE0-E035-4945-9C2C-B1BB9EE7AC3E}.Debug|Any CPU.Build.0 = Debug|Any CPU
		{5A702AE0-E035-4945-9C2C-B1BB9EE7AC3E}.Release|Any CPU.ActiveCfg = Release|Any CPU
		{5A702AE0-E035-4945-9C2C-B1BB9EE7AC3E}.Release|Any CPU.Build.0 = Release|Any CPU
		{2236066F-DA95-4AE0-A9A9-905F01847CB0}.Debug|Any CPU.ActiveCfg = Debug|Any CPU
		{2236066F-DA95-4AE0-A9A9-905F01847CB0}.Debug|Any CPU.Build.0 = Debug|Any CPU
		{2236066F-DA95-4AE0-A9A9-905F01847CB0}.Release|Any CPU.ActiveCfg = Release|Any CPU
		{2236066F-DA95-4AE0-A9A9-905F01847CB0}.Release|Any CPU.Build.0 = Release|Any CPU
	EndGlobalSection
	GlobalSection(SolutionProperties) = preSolution
		HideSolutionNode = FALSE
	EndGlobalSection
	GlobalSection(ExtensibilityGlobals) = postSolution
		SolutionGuid = {D36A70F9-94BE-4EA6-BA5D-0DFC97B5DC8B}
	EndGlobalSection
EndGlobal
